
Microsoft Visual Studio Solution File, Format Version 12.00
# Visual Studio Version 16
VisualStudioVersion = 16.0.31112.23
MinimumVisualStudioVersion = 10.0.40219.1
Project("{FAE04EC0-301F-11D3-BF4B-00C04F79EFBC}") = "IgraVesanjaUSlikama", "IgraVesanjaUSlikama\IgraVesanjaUSlikama.csproj", "{23A14A4D-4D58-45A4-AFBE-A71D9647B8B2}"
EndProject
Global
	GlobalSection(SolutionConfigurationPlatforms) = preSolution
		Debug|Any CPU = Debug|Any CPU
		Release|Any CPU = Release|Any CPU
	EndGlobalSection
	GlobalSection(ProjectConfigurationPlatforms) = postSolution
		{23A14A4D-4D58-45A4-AFBE-A71D9647B8B2}.Debug|Any CPU.ActiveCfg = Debug|Any CPU
		{23A14A4D-4D58-45A4-AFBE-A71D9647B8B2}.Debug|Any CPU.Build.0 = Debug|Any CPU
		{23A14A4D-4D58-45A4-AFBE-A71D9647B8B2}.Release|Any CPU.ActiveCfg = Release|Any CPU
		{23A14A4D-4D58-45A4-AFBE-A71D9647B8B2}.Release|Any CPU.Build.0 = Release|Any CPU
	EndGlobalSection
	GlobalSection(SolutionProperties) = preSolution
		HideSolutionNode = FALSE
	EndGlobalSection
	GlobalSection(ExtensibilityGlobals) = postSolution
		SolutionGuid = {C05E35D7-407A-4D2A-9A3A-3DA41FBE9953}
	EndGlobalSection
EndGlobal
